
Microsoft Visual Studio Solution File, Format Version 12.00
# Visual Studio Version 17
VisualStudioVersion = 17.9.34723.18
MinimumVisualStudioVersion = 10.0.40219.1
Project("{FAE04EC0-301F-11D3-BF4B-00C04F79EFBC}") = "dotnet_practice", "dotnet_practice\dotnet_practice.csproj", "{4173A2D0-C391-45A6-BB52-7030EBCF50CE}"
EndProject
Global
	GlobalSection(SolutionConfigurationPlatforms) = preSolution
		Debug|Any CPU = Debug|Any CPU
		Release|Any CPU = Release|Any CPU
	EndGlobalSection
	GlobalSection(ProjectConfigurationPlatforms) = postSolution
		{4173A2D0-C391-45A6-BB52-7030EBCF50CE}.Debug|Any CPU.ActiveCfg = Debug|Any CPU
		{4173A2D0-C391-45A6-BB52-7030EBCF50CE}.Debug|Any CPU.Build.0 = Debug|Any CPU
		{4173A2D0-C391-45A6-BB52-7030EBCF50CE}.Release|Any CPU.ActiveCfg = Release|Any CPU
		{4173A2D0-C391-45A6-BB52-7030EBCF50CE}.Release|Any CPU.Build.0 = Release|Any CPU
	EndGlobalSection
	GlobalSection(SolutionProperties) = preSolution
		HideSolutionNode = FALSE
	EndGlobalSection
	GlobalSection(ExtensibilityGlobals) = postSolution
		SolutionGuid = {077E1A1B-EDCC-4DFA-9899-80931EB09CB0}
	EndGlobalSection
EndGlobal
